{
  "name": "var-js-parser",
  "version": "1.0.8",
  "lockfileVersion": 2,
  "requires": true,
  "packages": {
    "": {
      "name": "var-js-parser",
      "version": "1.0.8",
      "license": "ISC",
      "dependencies": {
        "tslint-config-prettier": "^1.18.0",
        "typescript": "^4.6.2",
        "var-js-parser": "^1.0.8"
      }
    },
    "node_modules/tslint-config-prettier": {
      "version": "1.18.0",
      "resolved": "https://registry.npmjs.org/tslint-config-prettier/-/tslint-config-prettier-1.18.0.tgz",
      "integrity": "sha512-xPw9PgNPLG3iKRxmK7DWr+Ea/SzrvfHtjFt5LBl61gk2UBG/DB9kCXRjv+xyIU1rUtnayLeMUVJBcMX8Z17nDg==",
      "bin": {
        "tslint-config-prettier-check": "bin/check.js"
      },
      "engines": {
        "node": ">=4.0.0"
      }
    },
    "node_modules/typescript": {
      "version": "4.6.2",
      "resolved": "https://registry.npmjs.org/typescript/-/typescript-4.6.2.tgz",
      "integrity": "sha512-HM/hFigTBHZhLXshn9sN37H085+hQGeJHJ/X7LpBWLID/fbc2acUMfU+lGD98X81sKP+pFa9f0DZmCwB9GnbAg==",
      "bin": {
        "tsc": "bin/tsc",
        "tsserver": "bin/tsserver"
      },
      "engines": {
        "node": ">=4.2.0"
      }
    },
    "node_modules/var-js-parser": {
      "version": "1.0.8",
      "resolved": "https://registry.npmjs.org/var-js-parser/-/var-js-parser-1.0.8.tgz",
      "integrity": "sha512-LP2fQ1AhSXnIzWeWm1X//CWjUetHR8924r2PiyOdZ4ETCp/qkYPibVyy3PtZfQMKn63yFOhYUA5JTtFGZ6Mu+w==",
      "dependencies": {
        "tslint-config-prettier": "^1.18.0",
        "typescript": "^4.6.2",
        "var-js-parser": "^1.0.7"
      }
    }
  },
  "dependencies": {
    "tslint-config-prettier": {
      "version": "1.18.0",
      "resolved": "https://registry.npmjs.org/tslint-config-prettier/-/tslint-config-prettier-1.18.0.tgz",
      "integrity": "sha512-xPw9PgNPLG3iKRxmK7DWr+Ea/SzrvfHtjFt5LBl61gk2UBG/DB9kCXRjv+xyIU1rUtnayLeMUVJBcMX8Z17nDg=="
    },
    "typescript": {
      "version": "4.6.2",
      "resolved": "https://registry.npmjs.org/typescript/-/typescript-4.6.2.tgz",
      "integrity": "sha512-HM/hFigTBHZhLXshn9sN37H085+hQGeJHJ/X7LpBWLID/fbc2acUMfU+lGD98X81sKP+pFa9f0DZmCwB9GnbAg=="
    },
    "var-js-parser": {
      "version": "1.0.8",
      "resolved": "https://registry.npmjs.org/var-js-parser/-/var-js-parser-1.0.8.tgz",
      "integrity": "sha512-LP2fQ1AhSXnIzWeWm1X//CWjUetHR8924r2PiyOdZ4ETCp/qkYPibVyy3PtZfQMKn63yFOhYUA5JTtFGZ6Mu+w==",
      "requires": {
        "tslint-config-prettier": "^1.18.0",
        "typescript": "^4.6.2",
        "var-js-parser": "^1.0.7"
      }
    }
  }
}
